// !$*UTF8*$!
{
	archiveVersion = 1;
	classes = {
	};
	objectVersion = 46;
	objects = {

/* Begin PBXBuildFile section */
		A79AE2781C7D5F8000F2F722 /* AppDelegate.swift in Sources */ = {isa = PBXBuildFile; fileRef = A79AE2771C7D5F8000F2F722 /* AppDelegate.swift */; };
		A79AE27A1C7D5F8000F2F722 /* ViewController.swift in Sources */ = {isa = PBXBuildFile; fileRef = A79AE2791C7D5F8000F2F722 /* ViewController.swift */; };
		A79AE27D1C7D5F8000F2F722 /* Main.storyboard in Resources */ = {isa = PBXBuildFile; fileRef = A79AE27B1C7D5F8000F2F722 /* Main.storyboard */; };
		A79AE27F1C7D5F8100F2F722 /* Assets.xcassets in Resources */ = {isa = PBXBuildFile; fileRef = A79AE27E1C7D5F8100F2F722 /* Assets.xcassets */; };
/* End PBXBuildFile section */

/* Begin PBXFileReference section */
		A79AE2741C7D5F8000F2F722 /* tvOSMovieTVApp.app */ = {isa = PBXFileReference; explicitFileType = wrapper.application; includeInIndex = 0; path = tvOSMovieTVApp.app; sourceTree = BUILT_PRODUCTS_DIR; };
		A79AE2771C7D5F8000F2F722 /* AppDelegate.swift */ = {isa = PBXFileReference; lastKnownFileType = sourcecode.swift; path = AppDelegate.swift; sourceTree = "<group>"; };
		A79AE2791C7D5F8000F2F722 /* ViewController.swift */ = {isa = PBXFileReference; lastKnownFileType = sourcecode.swift; path = ViewController.swift; sourceTree = "<group>"; };
		A79AE27C1C7D5F8000F2F722 /* Base */ = {isa = PBXFileReference; lastKnownFileType = file.storyboard; name = Base; path = Base.lproj/Main.storyboard; sourceTree = "<group>"; };
		A79AE27E1C7D5F8100F2F722 /* Assets.xcassets */ = {isa = PBXFileReference; lastKnownFileType = folder.assetcatalog; path = Assets.xcassets; sourceTree = "<group>"; };
		A79AE2801C7D5F8100F2F722 /* Info.plist */ = {isa = PBXFileReference; lastKnownFileType = text.plist.xml; path = Info.plist; sourceTree = "<group>"; };
/* End PBXFileReference section */

/* Begin PBXFrameworksBuildPhase section */
		A79AE2711C7D5F8000F2F722 /* Frameworks */ = {
			isa = PBXFrameworksBuildPhase;
			buildActionMask = 2147483647;
			files = (
			);
			runOnlyForDeploymentPostprocessing = 0;
		};
/* End PBXFrameworksBuildPhase section */

/* Begin PBXGroup section */
		A79AE26B1C7D5F8000F2F722 = {
			isa = PBXGroup;
			children = (
				A79AE2761C7D5F8000F2F722 /* tvOSMovieTVApp */,
				A79AE2751C7D5F8000F2F722 /* Products */,
			);
			sourceTree = "<group>";
		};
		A79AE2751C7D5F8000F2F722 /* Products */ = {
			isa = PBXGroup;
			children = (
				A79AE2741C7D5F8000F2F722 /* tvOSMovieTVApp.app */,
			);
			name = Products;
			sourceTree = "<group>";
		};
		A79AE2761C7D5F8000F2F722 /* tvOSMovieTVApp */ = {
			isa = PBXGroup;
			children = (
				A79AE2771C7D5F8000F2F722 /* AppDelegate.swift */,
				A79AE2791C7D5F8000F2F722 /* ViewController.swift */,
				A79AE27B1C7D5F8000F2F722 /* Main.storyboard */,
				A79AE27E1C7D5F8100F2F722 /* Assets.xcassets */,
				A79AE2801C7D5F8100F2F722 /* Info.plist */,
			);
			path = tvOSMovieTVApp;
			sourceTree = "<group>";
		};
/* End PBXGroup section */

/* Begin PBXNativeTarget section */
		A79AE2731C7D5F8000F2F722 /* tvOSMovieTVApp */ = {
			isa = PBXNativeTarget;
			buildConfigurationList = A79AE2831C7D5F8100F2F722 /* Build configuration list for PBXNativeTarget "tvOSMovieTVApp" */;
			buildPhases = (
				A79AE2701C7D5F8000F2F722 /* Sources */,
				A79AE2711C7D5F8000F2F722 /* Frameworks */,
				A79AE2721C7D5F8000F2F722 /* Resources */,
			);
			buildRules = (
			);
			dependencies = (
			);
			name = tvOSMovieTVApp;
			productName = tvOSMovieTVApp;
			productReference = A79AE2741C7D5F8000F2F722 /* tvOSMovieTVApp.app */;
			productType = "com.apple.product-type.application";
		};
/* End PBXNativeTarget section */

/* Begin PBXProject section */
		A79AE26C1C7D5F8000F2F722 /* Project object */ = {
			isa = PBXProject;
			attributes = {
				LastSwiftUpdateCheck = 0720;
				LastUpgradeCheck = 0720;
				ORGANIZATIONNAME = AccessIT;
				TargetAttributes = {
					A79AE2731C7D5F8000F2F722 = {
						CreatedOnToolsVersion = 7.2.1;
						DevelopmentTeam = DA62YQ6NQN;
					};
				};
			};
			buildConfigurationList = A79AE26F1C7D5F8000F2F722 /* Build configuration list for PBXProject "tvOSMovieTVApp" */;
			compatibilityVersion = "Xcode 3.2";
			developmentRegion = English;
			hasScannedForEncodings = 0;
			knownRegions = (
				en,
				Base,
			);
			mainGroup = A79AE26B1C7D5F8000F2F722;
			productRefGroup = A79AE2751C7D5F8000F2F722 /* Products */;
			projectDirPath = "";
			projectRoot = "";
			targets = (
				A79AE2731C7D5F8000F2F722 /* tvOSMovieTVApp */,
			);
		};
/* End PBXProject section */

/* Begin PBXResourcesBuildPhase section */
		A79AE2721C7D5F8000F2F722 /* Resources */ = {
			isa = PBXResourcesBuildPhase;
			buildActionMask = 2147483647;
			files = (
				A79AE27F1C7D5F8100F2F722 /* Assets.xcassets in Resources */,
				A79AE27D1C7D5F8000F2F722 /* Main.storyboard in Resources */,
			);
			runOnlyForDeploymentPostprocessing = 0;
		};
/* End PBXResourcesBuildPhase section */

/* Begin PBXSourcesBuildPhase section */
		A79AE2701C7D5F8000F2F722 /* Sources */ = {
			isa = PBXSourcesBuildPhase;
			buildActionMask = 2147483647;
			files = (
				A79AE27A1C7D5F8000F2F722 /* ViewController.swift in Sources */,
				A79AE2781C7D5F8000F2F722 /* AppDelegate.swift in Sources */,
			);
			runOnlyForDeploymentPostprocessing = 0;
		};
/* End PBXSourcesBuildPhase section */

/* Begin PBXVariantGroup section */
		A79AE27B1C7D5F8000F2F722 /* Main.storyboard */ = {
			isa = PBXVariantGroup;
			children = (
				A79AE27C1C7D5F8000F2F722 /* Base */,
			);
			name = Main.storyboard;
			sourceTree = "<group>";
		};
/* End PBXVariantGroup section */

/* Begin XCBuildConfiguration section */
		A79AE2811C7D5F8100F2F722 /* Debug */ = {
			isa = XCBuildConfiguration;
			buildSettings = {
				ALWAYS_SEARCH_USER_PATHS = NO;
				CLANG_CXX_LANGUAGE_STANDARD = "gnu++0x";
				CLANG_CXX_LIBRARY = "libc++";
				CLANG_ENABLE_MODULES = YES;
				CLANG_ENABLE_OBJC_ARC = YES;
				CLANG_WARN_BOOL_CONVERSION = YES;
				CLANG_WARN_CONSTANT_CONVERSION = YES;
				CLANG_WARN_DIRECT_OBJC_ISA_USAGE = YES_ERROR;
				CLANG_WARN_EMPTY_BODY = YES;
				CLANG_WARN_ENUM_CONVERSION = YES;
				CLANG_WARN_INT_CONVERSION = YES;
				CLANG_WARN_OBJC_ROOT_CLASS = YES_ERROR;
				CLANG_WARN_UNREACHABLE_CODE = YES;
				CLANG_WARN__DUPLICATE_METHOD_MATCH = YES;
				COPY_PHASE_STRIP = NO;
				DEBUG_INFORMATION_FORMAT = dwarf;
				ENABLE_STRICT_OBJC_MSGSEND = YES;
				ENABLE_TESTABILITY = YES;
				GCC_C_LANGUAGE_STANDARD = gnu99;
				GCC_DYNAMIC_NO_PIC = NO;
				GCC_NO_COMMON_BLOCKS = YES;
				GCC_OPTIMIZATION_LEVEL = 0;
				GCC_PREPROCESSOR_DEFINITIONS = (
					"DEBUG=1",
					"$(inherited)",
				);
				GCC_WARN_64_TO_32_BIT_CONVERSION = YES;
				GCC_WARN_ABOUT_RETURN_TYPE = YES_ERROR;
				GCC_WARN_UNDECLARED_SELECTOR = YES;
				GCC_WARN_UNINITIALIZED_AUTOS = YES_AGGRESSIVE;
				GCC_WARN_UNUSED_FUNCTION = YES;
				GCC_WARN_UNUSED_VARIABLE = YES;
				MTL_ENABLE_DEBUG_INFO = YES;
				ONLY_ACTIVE_ARCH = YES;
				SDKROOT = appletvos;
				SWIFT_OPTIMIZATION_LEVEL = "-Onone";
				TARGETED_DEVICE_FAMILY = 3;
				TVOS_DEPLOYMENT_TARGET = 9.1;
			};
			name = Debug;
		};
		A79AE2821C7D5F8100F2F722 /* Release */ = {
			isa = XCBuildConfiguration;
			buildSettings = {
				ALWAYS_SEARCH_USER_PATHS = NO;
				CLANG_CXX_LANGUAGE_STANDARD = "gnu++0x";
				CLANG_CXX_LIBRARY = "libc++";
				CLANG_ENABLE_MODULES = YES;
				CLANG_ENABLE_OBJC_ARC = YES;
				CLANG_WARN_BOOL_CONVERSION = YES;
				CLANG_WARN_CONSTANT_CONVERSION = YES;
				CLANG_WARN_DIRECT_OBJC_ISA_USAGE = YES_ERROR;
				CLANG_WARN_EMPTY_BODY = YES;
				CLANG_WARN_ENUM_CONVERSION = YES;
				CLANG_WARN_INT_CONVERSION = YES;
				CLANG_WARN_OBJC_ROOT_CLASS = YES_ERROR;
				CLANG_WARN_UNREACHABLE_CODE = YES;
				CLANG_WARN__DUPLICATE_METHOD_MATCH = YES;
				COPY_PHASE_STRIP = NO;
				DEBUG_INFORMATION_FORMAT = "dwarf-with-dsym";
				ENABLE_NS_ASSERTIONS = NO;
				ENABLE_STRICT_OBJC_MSGSEND = YES;
				GCC_C_LANGUAGE_STANDARD = gnu99;
				GCC_NO_COMMON_BLOCKS = YES;
				GCC_WARN_64_TO_32_BIT_CONVERSION = YES;
				GCC_WARN_ABOUT_RETURN_TYPE = YES_ERROR;
				GCC_WARN_UNDECLARED_SELECTOR = YES;
				GCC_WARN_UNINITIALIZED_AUTOS = YES_AGGRESSIVE;
				GCC_WARN_UNUSED_FUNCTION = YES;
				GCC_WARN_UNUSED_VARIABLE = YES;
				MTL_ENABLE_DEBUG_INFO = NO;
				SDKROOT = appletvos;
				TARGETED_DEVICE_FAMILY = 3;
				TVOS_DEPLOYMENT_TARGET = 9.1;
				VALIDATE_PRODUCT = YES;
			};
			name = Release;
		};
		A79AE2841C7D5F8100F2F722 /* Debug */ = {
			isa = XCBuildConfiguration;
			buildSettings = {
				ASSETCATALOG_COMPILER_APPICON_NAME = "App Icon & Top Shelf Image";
				ASSETCATALOG_COMPILER_LAUNCHIMAGE_NAME = LaunchImage;
				INFOPLIST_FILE = tvOSMovieTVApp/Info.plist;
				LD_RUNPATH_SEARCH_PATHS = "$(inherited) @executable_path/Frameworks";
				PRODUCT_BUNDLE_IDENTIFIER = access.tvOSMovieTVApp;
				PRODUCT_NAME = "$(TARGET_NAME)";
			};
			name = Debug;
		};
		A79AE2851C7D5F8100F2F722 /* Release */ = {
			isa = XCBuildConfiguration;
			buildSettings = {
				ASSETCATALOG_COMPILER_APPICON_NAME = "App Icon & Top Shelf Image";
				ASSETCATALOG_COMPILER_LAUNCHIMAGE_NAME = LaunchImage;
				INFOPLIST_FILE = tvOSMovieTVApp/Info.plist;
				LD_RUNPATH_SEARCH_PATHS = "$(inherited) @executable_path/Frameworks";
				PRODUCT_BUNDLE_IDENTIFIER = access.tvOSMovieTVApp;
				PRODUCT_NAME = "$(TARGET_NAME)";
			};
			name = Release;
		};
/* End XCBuildConfiguration section */

/* Begin XCConfigurationList section */
		A79AE26F1C7D5F8000F2F722 /* Build configuration list for PBXProject "tvOSMovieTVApp" */ = {
			isa = XCConfigurationList;
			buildConfigurations = (
				A79AE2811C7D5F8100F2F722 /* Debug */,
				A79AE2821C7D5F8100F2F722 /* Release */,
			);
			defaultConfigurationIsVisible = 0;
			defaultConfigurationName = Release;
		};
		A79AE2831C7D5F8100F2F722 /* Build configuration list for PBXNativeTarget "tvOSMovieTVApp" */ = {
			isa = XCConfigurationList;
			buildConfigurations = (
				A79AE2841C7D5F8100F2F722 /* Debug */,
				A79AE2851C7D5F8100F2F722 /* Release */,
			);
			defaultConfigurationIsVisible = 0;
		};
/* End XCConfigurationList section */
	};
	rootObject = A79AE26C1C7D5F8000F2F722 /* Project object */;
}
